// !$*UTF8*$!
{
	archiveVersion = 1;
	classes = {
	};
	objectVersion = 55;
	objects = {

/* Begin PBXBuildFile section */
		92797753274C54C5007475DE /* BarGraphGesturesApp.swift in Sources */ = {isa = PBXBuildFile; fileRef = 92797743274C54C3007475DE /* BarGraphGesturesApp.swift */; };
		92797754274C54C5007475DE /* BarGraphGesturesApp.swift in Sources */ = {isa = PBXBuildFile; fileRef = 92797743274C54C3007475DE /* BarGraphGesturesApp.swift */; };
		92797755274C54C5007475DE /* ContentView.swift in Sources */ = {isa = PBXBuildFile; fileRef = 92797744274C54C3007475DE /* ContentView.swift */; };
		92797756274C54C5007475DE /* ContentView.swift in Sources */ = {isa = PBXBuildFile; fileRef = 92797744274C54C3007475DE /* ContentView.swift */; };
		92797757274C54C5007475DE /* Assets.xcassets in Resources */ = {isa = PBXBuildFile; fileRef = 92797745274C54C5007475DE /* Assets.xcassets */; };
		92797758274C54C5007475DE /* Assets.xcassets in Resources */ = {isa = PBXBuildFile; fileRef = 92797745274C54C5007475DE /* Assets.xcassets */; };
		92797764274C55B9007475DE /* Download.swift in Sources */ = {isa = PBXBuildFile; fileRef = 92797763274C55B9007475DE /* Download.swift */; };
		92797765274C55B9007475DE /* Download.swift in Sources */ = {isa = PBXBuildFile; fileRef = 92797763274C55B9007475DE /* Download.swift */; };
/* End PBXBuildFile section */

/* Begin PBXFileReference section */
		92797743274C54C3007475DE /* BarGraphGesturesApp.swift */ = {isa = PBXFileReference; lastKnownFileType = sourcecode.swift; path = BarGraphGesturesApp.swift; sourceTree = "<group>"; };
		92797744274C54C3007475DE /* ContentView.swift */ = {isa = PBXFileReference; lastKnownFileType = sourcecode.swift; path = ContentView.swift; sourceTree = "<group>"; };
		92797745274C54C5007475DE /* Assets.xcassets */ = {isa = PBXFileReference; lastKnownFileType = folder.assetcatalog; path = Assets.xcassets; sourceTree = "<group>"; };
		9279774A274C54C5007475DE /* BarGraphGestures.app */ = {isa = PBXFileReference; explicitFileType = wrapper.application; includeInIndex = 0; path = BarGraphGestures.app; sourceTree = BUILT_PRODUCTS_DIR; };
		92797750274C54C5007475DE /* BarGraphGestures.app */ = {isa = PBXFileReference; explicitFileType = wrapper.application; includeInIndex = 0; path = BarGraphGestures.app; sourceTree = BUILT_PRODUCTS_DIR; };
		92797752274C54C5007475DE /* macOS.entitlements */ = {isa = PBXFileReference; lastKnownFileType = text.plist.entitlements; path = macOS.entitlements; sourceTree = "<group>"; };
		92797763274C55B9007475DE /* Download.swift */ = {isa = PBXFileReference; lastKnownFileType = sourcecode.swift; path = Download.swift; sourceTree = "<group>"; };
/* End PBXFileReference section */

/* Begin PBXFrameworksBuildPhase section */
		92797747274C54C5007475DE /* Frameworks */ = {
			isa = PBXFrameworksBuildPhase;
			buildActionMask = 2147483647;
			files = (
			);
			runOnlyForDeploymentPostprocessing = 0;
		};
		9279774D274C54C5007475DE /* Frameworks */ = {
			isa = PBXFrameworksBuildPhase;
			buildActionMask = 2147483647;
			files = (
			);
			runOnlyForDeploymentPostprocessing = 0;
		};
/* End PBXFrameworksBuildPhase section */

/* Begin PBXGroup section */
		9279773D274C54C3007475DE = {
			isa = PBXGroup;
			children = (
				92797742274C54C3007475DE /* Shared */,
				92797751274C54C5007475DE /* macOS */,
				9279774B274C54C5007475DE /* Products */,
			);
			sourceTree = "<group>";
		};
		92797742274C54C3007475DE /* Shared */ = {
			isa = PBXGroup;
			children = (
				92797762274C559E007475DE /* View */,
				92797761274C559A007475DE /* Model */,
				92797743274C54C3007475DE /* BarGraphGesturesApp.swift */,
				92797744274C54C3007475DE /* ContentView.swift */,
				92797745274C54C5007475DE /* Assets.xcassets */,
			);
			path = Shared;
			sourceTree = "<group>";
		};
		9279774B274C54C5007475DE /* Products */ = {
			isa = PBXGroup;
			children = (
				9279774A274C54C5007475DE /* BarGraphGestures.app */,
				92797750274C54C5007475DE /* BarGraphGestures.app */,
			);
			name = Products;
			sourceTree = "<group>";
		};
		92797751274C54C5007475DE /* macOS */ = {
			isa = PBXGroup;
			children = (
				92797752274C54C5007475DE /* macOS.entitlements */,
			);
			path = macOS;
			sourceTree = "<group>";
		};
		92797761274C559A007475DE /* Model */ = {
			isa = PBXGroup;
			children = (
				92797763274C55B9007475DE /* Download.swift */,
			);
			path = Model;
			sourceTree = "<group>";
		};
		92797762274C559E007475DE /* View */ = {
			isa = PBXGroup;
			children = (
			);
			path = View;
			sourceTree = "<group>";
		};
/* End PBXGroup section */

/* Begin PBXNativeTarget section */
		92797749274C54C5007475DE /* BarGraphGestures (iOS) */ = {
			isa = PBXNativeTarget;
			buildConfigurationList = 9279775B274C54C5007475DE /* Build configuration list for PBXNativeTarget "BarGraphGestures (iOS)" */;
			buildPhases = (
				92797746274C54C5007475DE /* Sources */,
				92797747274C54C5007475DE /* Frameworks */,
				92797748274C54C5007475DE /* Resources */,
			);
			buildRules = (
			);
			dependencies = (
			);
			name = "BarGraphGestures (iOS)";
			productName = "BarGraphGestures (iOS)";
			productReference = 9279774A274C54C5007475DE /* BarGraphGestures.app */;
			productType = "com.apple.product-type.application";
		};
		9279774F274C54C5007475DE /* BarGraphGestures (macOS) */ = {
			isa = PBXNativeTarget;
			buildConfigurationList = 9279775E274C54C5007475DE /* Build configuration list for PBXNativeTarget "BarGraphGestures (macOS)" */;
			buildPhases = (
				9279774C274C54C5007475DE /* Sources */,
				9279774D274C54C5007475DE /* Frameworks */,
				9279774E274C54C5007475DE /* Resources */,
			);
			buildRules = (
			);
			dependencies = (
			);
			name = "BarGraphGestures (macOS)";
			productName = "BarGraphGestures (macOS)";
			productReference = 92797750274C54C5007475DE /* BarGraphGestures.app */;
			productType = "com.apple.product-type.application";
		};
/* End PBXNativeTarget section */

/* Begin PBXProject section */
		9279773E274C54C3007475DE /* Project object */ = {
			isa = PBXProject;
			attributes = {
				BuildIndependentTargetsInParallel = 1;
				LastSwiftUpdateCheck = 1310;
				LastUpgradeCheck = 1310;
				TargetAttributes = {
					92797749274C54C5007475DE = {
						CreatedOnToolsVersion = 13.1;
					};
					9279774F274C54C5007475DE = {
						CreatedOnToolsVersion = 13.1;
					};
				};
			};
			buildConfigurationList = 92797741274C54C3007475DE /* Build configuration list for PBXProject "BarGraphGestures" */;
			compatibilityVersion = "Xcode 13.0";
			developmentRegion = en;
			hasScannedForEncodings = 0;
			knownRegions = (
				en,
				Base,
			);
			mainGroup = 9279773D274C54C3007475DE;
			productRefGroup = 9279774B274C54C5007475DE /* Products */;
			projectDirPath = "";
			projectRoot = "";
			targets = (
				92797749274C54C5007475DE /* BarGraphGestures (iOS) */,
				9279774F274C54C5007475DE /* BarGraphGestures (macOS) */,
			);
		};
/* End PBXProject section */

/* Begin PBXResourcesBuildPhase section */
		92797748274C54C5007475DE /* Resources */ = {
			isa = PBXResourcesBuildPhase;
			buildActionMask = 2147483647;
			files = (
				92797757274C54C5007475DE /* Assets.xcassets in Resources */,
			);
			runOnlyForDeploymentPostprocessing = 0;
		};
		9279774E274C54C5007475DE /* Resources */ = {
			isa = PBXResourcesBuildPhase;
			buildActionMask = 2147483647;
			files = (
				92797758274C54C5007475DE /* Assets.xcassets in Resources */,
			);
			runOnlyForDeploymentPostprocessing = 0;
		};
/* End PBXResourcesBuildPhase section */

/* Begin PBXSourcesBuildPhase section */
		92797746274C54C5007475DE /* Sources */ = {
			isa = PBXSourcesBuildPhase;
			buildActionMask = 2147483647;
			files = (
				92797755274C54C5007475DE /* ContentView.swift in Sources */,
				92797753274C54C5007475DE /* BarGraphGesturesApp.swift in Sources */,
				92797764274C55B9007475DE /* Download.swift in Sources */,
			);
			runOnlyForDeploymentPostprocessing = 0;
		};
		9279774C274C54C5007475DE /* Sources */ = {
			isa = PBXSourcesBuildPhase;
			buildActionMask = 2147483647;
			files = (
				92797756274C54C5007475DE /* ContentView.swift in Sources */,
				92797754274C54C5007475DE /* BarGraphGesturesApp.swift in Sources */,
				92797765274C55B9007475DE /* Download.swift in Sources */,
			);
			runOnlyForDeploymentPostprocessing = 0;
		};
/* End PBXSourcesBuildPhase section */

/* Begin XCBuildConfiguration section */
		92797759274C54C5007475DE /* Debug */ = {
			isa = XCBuildConfiguration;
			buildSettings = {
				ALWAYS_SEARCH_USER_PATHS = NO;
				CLANG_ANALYZER_NONNULL = YES;
				CLANG_ANALYZER_NUMBER_OBJECT_CONVERSION = YES_AGGRESSIVE;
				CLANG_CXX_LANGUAGE_STANDARD = "gnu++17";
				CLANG_CXX_LIBRARY = "libc++";
				CLANG_ENABLE_MODULES = YES;
				CLANG_ENABLE_OBJC_ARC = YES;
				CLANG_ENABLE_OBJC_WEAK = YES;
				CLANG_WARN_BLOCK_CAPTURE_AUTORELEASING = YES;
				CLANG_WARN_BOOL_CONVERSION = YES;
				CLANG_WARN_COMMA = YES;
				CLANG_WARN_CONSTANT_CONVERSION = YES;
				CLANG_WARN_DEPRECATED_OBJC_IMPLEMENTATIONS = YES;
				CLANG_WARN_DIRECT_OBJC_ISA_USAGE = YES_ERROR;
				CLANG_WARN_DOCUMENTATION_COMMENTS = YES;
				CLANG_WARN_EMPTY_BODY = YES;
				CLANG_WARN_ENUM_CONVERSION = YES;
				CLANG_WARN_INFINITE_RECURSION = YES;
				CLANG_WARN_INT_CONVERSION = YES;
				CLANG_WARN_NON_LITERAL_NULL_CONVERSION = YES;
				CLANG_WARN_OBJC_IMPLICIT_RETAIN_SELF = YES;
				CLANG_WARN_OBJC_LITERAL_CONVERSION = YES;
				CLANG_WARN_OBJC_ROOT_CLASS = YES_ERROR;
				CLANG_WARN_QUOTED_INCLUDE_IN_FRAMEWORK_HEADER = YES;
				CLANG_WARN_RANGE_LOOP_ANALYSIS = YES;
				CLANG_WARN_STRICT_PROTOTYPES = YES;
				CLANG_WARN_SUSPICIOUS_MOVE = YES;
				CLANG_WARN_UNGUARDED_AVAILABILITY = YES_AGGRESSIVE;
				CLANG_WARN_UNREACHABLE_CODE = YES;
				CLANG_WARN__DUPLICATE_METHOD_MATCH = YES;
				COPY_PHASE_STRIP = NO;
				DEBUG_INFORMATION_FORMAT = dwarf;
				ENABLE_STRICT_OBJC_MSGSEND = YES;
				ENABLE_TESTABILITY = YES;
				GCC_C_LANGUAGE_STANDARD = gnu11;
				GCC_DYNAMIC_NO_PIC = NO;
				GCC_NO_COMMON_BLOCKS = YES;
				GCC_OPTIMIZATION_LEVEL = 0;
				GCC_PREPROCESSOR_DEFINITIONS = (
					"DEBUG=1",
					"$(inherited)",
				);
				GCC_WARN_64_TO_32_BIT_CONVERSION = YES;
				GCC_WARN_ABOUT_RETURN_TYPE = YES_ERROR;
				GCC_WARN_UNDECLARED_SELECTOR = YES;
				GCC_WARN_UNINITIALIZED_AUTOS = YES_AGGRESSIVE;
				GCC_WARN_UNUSED_FUNCTION = YES;
				GCC_WARN_UNUSED_VARIABLE = YES;
				MTL_ENABLE_DEBUG_INFO = INCLUDE_SOURCE;
				MTL_FAST_MATH = YES;
				ONLY_ACTIVE_ARCH = YES;
				SWIFT_ACTIVE_COMPILATION_CONDITIONS = DEBUG;
				SWIFT_OPTIMIZATION_LEVEL = "-Onone";
			};
			name = Debug;
		};
		9279775A274C54C5007475DE /* Release */ = {
			isa = XCBuildConfiguration;
			buildSettings = {
				ALWAYS_SEARCH_USER_PATHS = NO;
				CLANG_ANALYZER_NONNULL = YES;
				CLANG_ANALYZER_NUMBER_OBJECT_CONVERSION = YES_AGGRESSIVE;
				CLANG_CXX_LANGUAGE_STANDARD = "gnu++17";
				CLANG_CXX_LIBRARY = "libc++";
				CLANG_ENABLE_MODULES = YES;
				CLANG_ENABLE_OBJC_ARC = YES;
				CLANG_ENABLE_OBJC_WEAK = YES;
				CLANG_WARN_BLOCK_CAPTURE_AUTORELEASING = YES;
				CLANG_WARN_BOOL_CONVERSION = YES;
				CLANG_WARN_COMMA = YES;
				CLANG_WARN_CONSTANT_CONVERSION = YES;
				CLANG_WARN_DEPRECATED_OBJC_IMPLEMENTATIONS = YES;
				CLANG_WARN_DIRECT_OBJC_ISA_USAGE = YES_ERROR;
				CLANG_WARN_DOCUMENTATION_COMMENTS = YES;
				CLANG_WARN_EMPTY_BODY = YES;
				CLANG_WARN_ENUM_CONVERSION = YES;
				CLANG_WARN_INFINITE_RECURSION = YES;
				CLANG_WARN_INT_CONVERSION = YES;
				CLANG_WARN_NON_LITERAL_NULL_CONVERSION = YES;
				CLANG_WARN_OBJC_IMPLICIT_RETAIN_SELF = YES;
				CLANG_WARN_OBJC_LITERAL_CONVERSION = YES;
				CLANG_WARN_OBJC_ROOT_CLASS = YES_ERROR;
				CLANG_WARN_QUOTED_INCLUDE_IN_FRAMEWORK_HEADER = YES;
				CLANG_WARN_RANGE_LOOP_ANALYSIS = YES;
				CLANG_WARN_STRICT_PROTOTYPES = YES;
				CLANG_WARN_SUSPICIOUS_MOVE = YES;
				CLANG_WARN_UNGUARDED_AVAILABILITY = YES_AGGRESSIVE;
				CLANG_WARN_UNREACHABLE_CODE = YES;
				CLANG_WARN__DUPLICATE_METHOD_MATCH = YES;
				COPY_PHASE_STRIP = NO;
				DEBUG_INFORMATION_FORMAT = "dwarf-with-dsym";
				ENABLE_NS_ASSERTIONS = NO;
				ENABLE_STRICT_OBJC_MSGSEND = YES;
				GCC_C_LANGUAGE_STANDARD = gnu11;
				GCC_NO_COMMON_BLOCKS = YES;
				GCC_WARN_64_TO_32_BIT_CONVERSION = YES;
				GCC_WARN_ABOUT_RETURN_TYPE = YES_ERROR;
				GCC_WARN_UNDECLARED_SELECTOR = YES;
				GCC_WARN_UNINITIALIZED_AUTOS = YES_AGGRESSIVE;
				GCC_WARN_UNUSED_FUNCTION = YES;
				GCC_WARN_UNUSED_VARIABLE = YES;
				MTL_ENABLE_DEBUG_INFO = NO;
				MTL_FAST_MATH = YES;
				SWIFT_COMPILATION_MODE = wholemodule;
				SWIFT_OPTIMIZATION_LEVEL = "-O";
			};
			name = Release;
		};
		9279775C274C54C5007475DE /* Debug */ = {
			isa = XCBuildConfiguration;
			buildSettings = {
				ASSETCATALOG_COMPILER_APPICON_NAME = AppIcon;
				ASSETCATALOG_COMPILER_GLOBAL_ACCENT_COLOR_NAME = AccentColor;
				CODE_SIGN_STYLE = Automatic;
				CURRENT_PROJECT_VERSION = 1;
				DEVELOPMENT_TEAM = GR6SL6LH76;
				ENABLE_PREVIEWS = YES;
				GENERATE_INFOPLIST_FILE = YES;
				INFOPLIST_KEY_UIApplicationSceneManifest_Generation = YES;
				INFOPLIST_KEY_UIApplicationSupportsIndirectInputEvents = YES;
				INFOPLIST_KEY_UILaunchScreen_Generation = YES;
				INFOPLIST_KEY_UISupportedInterfaceOrientations_iPad = "UIInterfaceOrientationPortrait UIInterfaceOrientationPortraitUpsideDown UIInterfaceOrientationLandscapeLeft UIInterfaceOrientationLandscapeRight";
				INFOPLIST_KEY_UISupportedInterfaceOrientations_iPhone = "UIInterfaceOrientationPortrait UIInterfaceOrientationLandscapeLeft UIInterfaceOrientationLandscapeRight";
				IPHONEOS_DEPLOYMENT_TARGET = 15.0;
				LD_RUNPATH_SEARCH_PATHS = (
					"$(inherited)",
					"@executable_path/Frameworks",
				);
				MARKETING_VERSION = 1.0;
				PRODUCT_BUNDLE_IDENTIFIER = com.vincentcloutier.BarGraphGestures;
				PRODUCT_NAME = BarGraphGestures;
				SDKROOT = iphoneos;
				SWIFT_EMIT_LOC_STRINGS = YES;
				SWIFT_VERSION = 5.0;
				TARGETED_DEVICE_FAMILY = "1,2";
			};
			name = Debug;
		};
		9279775D274C54C5007475DE /* Release */ = {
			isa = XCBuildConfiguration;
			buildSettings = {
				ASSETCATALOG_COMPILER_APPICON_NAME = AppIcon;
				ASSETCATALOG_COMPILER_GLOBAL_ACCENT_COLOR_NAME = AccentColor;
				CODE_SIGN_STYLE = Automatic;
				CURRENT_PROJECT_VERSION = 1;
				DEVELOPMENT_TEAM = GR6SL6LH76;
				ENABLE_PREVIEWS = YES;
				GENERATE_INFOPLIST_FILE = YES;
				INFOPLIST_KEY_UIApplicationSceneManifest_Generation = YES;
				INFOPLIST_KEY_UIApplicationSupportsIndirectInputEvents = YES;
				INFOPLIST_KEY_UILaunchScreen_Generation = YES;
				INFOPLIST_KEY_UISupportedInterfaceOrientations_iPad = "UIInterfaceOrientationPortrait UIInterfaceOrientationPortraitUpsideDown UIInterfaceOrientationLandscapeLeft UIInterfaceOrientationLandscapeRight";
				INFOPLIST_KEY_UISupportedInterfaceOrientations_iPhone = "UIInterfaceOrientationPortrait UIInterfaceOrientationLandscapeLeft UIInterfaceOrientationLandscapeRight";
				IPHONEOS_DEPLOYMENT_TARGET = 15.0;
				LD_RUNPATH_SEARCH_PATHS = (
					"$(inherited)",
					"@executable_path/Frameworks",
				);
				MARKETING_VERSION = 1.0;
				PRODUCT_BUNDLE_IDENTIFIER = com.vincentcloutier.BarGraphGestures;
				PRODUCT_NAME = BarGraphGestures;
				SDKROOT = iphoneos;
				SWIFT_EMIT_LOC_STRINGS = YES;
				SWIFT_VERSION = 5.0;
				TARGETED_DEVICE_FAMILY = "1,2";
				VALIDATE_PRODUCT = YES;
			};
			name = Release;
		};
		9279775F274C54C5007475DE /* Debug */ = {
			isa = XCBuildConfiguration;
			buildSettings = {
				ASSETCATALOG_COMPILER_APPICON_NAME = AppIcon;
				ASSETCATALOG_COMPILER_GLOBAL_ACCENT_COLOR_NAME = AccentColor;
				CODE_SIGN_ENTITLEMENTS = macOS/macOS.entitlements;
				CODE_SIGN_STYLE = Automatic;
				COMBINE_HIDPI_IMAGES = YES;
				CURRENT_PROJECT_VERSION = 1;
				DEVELOPMENT_TEAM = GR6SL6LH76;
				ENABLE_HARDENED_RUNTIME = YES;
				ENABLE_PREVIEWS = YES;
				GENERATE_INFOPLIST_FILE = YES;
				INFOPLIST_KEY_NSHumanReadableCopyright = "";
				LD_RUNPATH_SEARCH_PATHS = (
					"$(inherited)",
					"@executable_path/../Frameworks",
				);
				MACOSX_DEPLOYMENT_TARGET = 12.0;
				MARKETING_VERSION = 1.0;
				PRODUCT_BUNDLE_IDENTIFIER = com.vincentcloutier.BarGraphGestures;
				PRODUCT_NAME = BarGraphGestures;
				SDKROOT = macosx;
				SWIFT_EMIT_LOC_STRINGS = YES;
				SWIFT_VERSION = 5.0;
			};
			name = Debug;
		};
		92797760274C54C5007475DE /* Release */ = {
			isa = XCBuildConfiguration;
			buildSettings = {
				ASSETCATALOG_COMPILER_APPICON_NAME = AppIcon;
				ASSETCATALOG_COMPILER_GLOBAL_ACCENT_COLOR_NAME = AccentColor;
				CODE_SIGN_ENTITLEMENTS = macOS/macOS.entitlements;
				CODE_SIGN_STYLE = Automatic;
				COMBINE_HIDPI_IMAGES = YES;
				CURRENT_PROJECT_VERSION = 1;
				DEVELOPMENT_TEAM = GR6SL6LH76;
				ENABLE_HARDENED_RUNTIME = YES;
				ENABLE_PREVIEWS = YES;
				GENERATE_INFOPLIST_FILE = YES;
				INFOPLIST_KEY_NSHumanReadableCopyright = "";
				LD_RUNPATH_SEARCH_PATHS = (
					"$(inherited)",
					"@executable_path/../Frameworks",
				);
				MACOSX_DEPLOYMENT_TARGET = 12.0;
				MARKETING_VERSION = 1.0;
				PRODUCT_BUNDLE_IDENTIFIER = com.vincentcloutier.BarGraphGestures;
				PRODUCT_NAME = BarGraphGestures;
				SDKROOT = macosx;
				SWIFT_EMIT_LOC_STRINGS = YES;
				SWIFT_VERSION = 5.0;
			};
			name = Release;
		};
/* End XCBuildConfiguration section */

/* Begin XCConfigurationList section */
		92797741274C54C3007475DE /* Build configuration list for PBXProject "BarGraphGestures" */ = {
			isa = XCConfigurationList;
			buildConfigurations = (
				92797759274C54C5007475DE /* Debug */,
				9279775A274C54C5007475DE /* Release */,
			);
			defaultConfigurationIsVisible = 0;
			defaultConfigurationName = Release;
		};
		9279775B274C54C5007475DE /* Build configuration list for PBXNativeTarget "BarGraphGestures (iOS)" */ = {
			isa = XCConfigurationList;
			buildConfigurations = (
				9279775C274C54C5007475DE /* Debug */,
				9279775D274C54C5007475DE /* Release */,
			);
			defaultConfigurationIsVisible = 0;
			defaultConfigurationName = Release;
		};
		9279775E274C54C5007475DE /* Build configuration list for PBXNativeTarget "BarGraphGestures (macOS)" */ = {
			isa = XCConfigurationList;
			buildConfigurations = (
				9279775F274C54C5007475DE /* Debug */,
				92797760274C54C5007475DE /* Release */,
			);
			defaultConfigurationIsVisible = 0;
			defaultConfigurationName = Release;
		};
/* End XCConfigurationList section */
	};
	rootObject = 9279773E274C54C3007475DE /* Project object */;
}
